// !$*UTF8*$!
{
	archiveVersion = 1;
	classes = {
	};
	objectVersion = 50;
	objects = {

/* Begin PBXBuildFile section */
		189E8C862339FF82009B3D60 /* AppDelegate.swift in Sources */ = {isa = PBXBuildFile; fileRef = 189E8C852339FF82009B3D60 /* AppDelegate.swift */; };
		189E8C882339FF82009B3D60 /* ViewController.swift in Sources */ = {isa = PBXBuildFile; fileRef = 189E8C872339FF82009B3D60 /* ViewController.swift */; };
		189E8C8B2339FF82009B3D60 /* Main.storyboard in Resources */ = {isa = PBXBuildFile; fileRef = 189E8C892339FF82009B3D60 /* Main.storyboard */; };
		189E8C8D2339FF86009B3D60 /* Assets.xcassets in Resources */ = {isa = PBXBuildFile; fileRef = 189E8C8C2339FF86009B3D60 /* Assets.xcassets */; };
		189E8C902339FF86009B3D60 /* LaunchScreen.storyboard in Resources */ = {isa = PBXBuildFile; fileRef = 189E8C8E2339FF86009B3D60 /* LaunchScreen.storyboard */; };
		189E8C9B2339FF86009B3D60 /* secondHomeworkTests.swift in Sources */ = {isa = PBXBuildFile; fileRef = 189E8C9A2339FF86009B3D60 /* secondHomeworkTests.swift */; };
		189E8CA62339FF86009B3D60 /* secondHomeworkUITests.swift in Sources */ = {isa = PBXBuildFile; fileRef = 189E8CA52339FF86009B3D60 /* secondHomeworkUITests.swift */; };
/* End PBXBuildFile section */

/* Begin PBXContainerItemProxy section */
		189E8C972339FF86009B3D60 /* PBXContainerItemProxy */ = {
			isa = PBXContainerItemProxy;
			containerPortal = 189E8C7A2339FF82009B3D60 /* Project object */;
			proxyType = 1;
			remoteGlobalIDString = 189E8C812339FF82009B3D60;
			remoteInfo = secondHomework;
		};
		189E8CA22339FF86009B3D60 /* PBXContainerItemProxy */ = {
			isa = PBXContainerItemProxy;
			containerPortal = 189E8C7A2339FF82009B3D60 /* Project object */;
			proxyType = 1;
			remoteGlobalIDString = 189E8C812339FF82009B3D60;
			remoteInfo = secondHomework;
		};
/* End PBXContainerItemProxy section */

/* Begin PBXFileReference section */
		189E8C822339FF82009B3D60 /* secondHomework.app */ = {isa = PBXFileReference; explicitFileType = wrapper.application; includeInIndex = 0; path = secondHomework.app; sourceTree = BUILT_PRODUCTS_DIR; };
		189E8C852339FF82009B3D60 /* AppDelegate.swift */ = {isa = PBXFileReference; lastKnownFileType = sourcecode.swift; path = AppDelegate.swift; sourceTree = "<group>"; };
		189E8C872339FF82009B3D60 /* ViewController.swift */ = {isa = PBXFileReference; lastKnownFileType = sourcecode.swift; path = ViewController.swift; sourceTree = "<group>"; };
		189E8C8A2339FF82009B3D60 /* Base */ = {isa = PBXFileReference; lastKnownFileType = file.storyboard; name = Base; path = Base.lproj/Main.storyboard; sourceTree = "<group>"; };
		189E8C8C2339FF86009B3D60 /* Assets.xcassets */ = {isa = PBXFileReference; lastKnownFileType = folder.assetcatalog; path = Assets.xcassets; sourceTree = "<group>"; };
		189E8C8F2339FF86009B3D60 /* Base */ = {isa = PBXFileReference; lastKnownFileType = file.storyboard; name = Base; path = Base.lproj/LaunchScreen.storyboard; sourceTree = "<group>"; };
		189E8C912339FF86009B3D60 /* Info.plist */ = {isa = PBXFileReference; lastKnownFileType = text.plist.xml; path = Info.plist; sourceTree = "<group>"; };
		189E8C962339FF86009B3D60 /* secondHomeworkTests.xctest */ = {isa = PBXFileReference; explicitFileType = wrapper.cfbundle; includeInIndex = 0; path = secondHomeworkTests.xctest; sourceTree = BUILT_PRODUCTS_DIR; };
		189E8C9A2339FF86009B3D60 /* secondHomeworkTests.swift */ = {isa = PBXFileReference; lastKnownFileType = sourcecode.swift; path = secondHomeworkTests.swift; sourceTree = "<group>"; };
		189E8C9C2339FF86009B3D60 /* Info.plist */ = {isa = PBXFileReference; lastKnownFileType = text.plist.xml; path = Info.plist; sourceTree = "<group>"; };
		189E8CA12339FF86009B3D60 /* secondHomeworkUITests.xctest */ = {isa = PBXFileReference; explicitFileType = wrapper.cfbundle; includeInIndex = 0; path = secondHomeworkUITests.xctest; sourceTree = BUILT_PRODUCTS_DIR; };
		189E8CA52339FF86009B3D60 /* secondHomeworkUITests.swift */ = {isa = PBXFileReference; lastKnownFileType = sourcecode.swift; path = secondHomeworkUITests.swift; sourceTree = "<group>"; };
		189E8CA72339FF86009B3D60 /* Info.plist */ = {isa = PBXFileReference; lastKnownFileType = text.plist.xml; path = Info.plist; sourceTree = "<group>"; };
/* End PBXFileReference section */

/* Begin PBXFrameworksBuildPhase section */
		189E8C7F2339FF82009B3D60 /* Frameworks */ = {
			isa = PBXFrameworksBuildPhase;
			buildActionMask = 2147483647;
			files = (
			);
			runOnlyForDeploymentPostprocessing = 0;
		};
		189E8C932339FF86009B3D60 /* Frameworks */ = {
			isa = PBXFrameworksBuildPhase;
			buildActionMask = 2147483647;
			files = (
			);
			runOnlyForDeploymentPostprocessing = 0;
		};
		189E8C9E2339FF86009B3D60 /* Frameworks */ = {
			isa = PBXFrameworksBuildPhase;
			buildActionMask = 2147483647;
			files = (
			);
			runOnlyForDeploymentPostprocessing = 0;
		};
/* End PBXFrameworksBuildPhase section */

/* Begin PBXGroup section */
		189E8C792339FF82009B3D60 = {
			isa = PBXGroup;
			children = (
				189E8C842339FF82009B3D60 /* secondHomework */,
				189E8C992339FF86009B3D60 /* secondHomeworkTests */,
				189E8CA42339FF86009B3D60 /* secondHomeworkUITests */,
				189E8C832339FF82009B3D60 /* Products */,
			);
			sourceTree = "<group>";
		};
		189E8C832339FF82009B3D60 /* Products */ = {
			isa = PBXGroup;
			children = (
				189E8C822339FF82009B3D60 /* secondHomework.app */,
				189E8C962339FF86009B3D60 /* secondHomeworkTests.xctest */,
				189E8CA12339FF86009B3D60 /* secondHomeworkUITests.xctest */,
			);
			name = Products;
			sourceTree = "<group>";
		};
		189E8C842339FF82009B3D60 /* secondHomework */ = {
			isa = PBXGroup;
			children = (
				189E8C852339FF82009B3D60 /* AppDelegate.swift */,
				189E8C872339FF82009B3D60 /* ViewController.swift */,
				189E8C892339FF82009B3D60 /* Main.storyboard */,
				189E8C8C2339FF86009B3D60 /* Assets.xcassets */,
				189E8C8E2339FF86009B3D60 /* LaunchScreen.storyboard */,
				189E8C912339FF86009B3D60 /* Info.plist */,
			);
			path = secondHomework;
			sourceTree = "<group>";
		};
		189E8C992339FF86009B3D60 /* secondHomeworkTests */ = {
			isa = PBXGroup;
			children = (
				189E8C9A2339FF86009B3D60 /* secondHomeworkTests.swift */,
				189E8C9C2339FF86009B3D60 /* Info.plist */,
			);
			path = secondHomeworkTests;
			sourceTree = "<group>";
		};
		189E8CA42339FF86009B3D60 /* secondHomeworkUITests */ = {
			isa = PBXGroup;
			children = (
				189E8CA52339FF86009B3D60 /* secondHomeworkUITests.swift */,
				189E8CA72339FF86009B3D60 /* Info.plist */,
			);
			path = secondHomeworkUITests;
			sourceTree = "<group>";
		};
/* End PBXGroup section */

/* Begin PBXNativeTarget section */
		189E8C812339FF82009B3D60 /* secondHomework */ = {
			isa = PBXNativeTarget;
			buildConfigurationList = 189E8CAA2339FF86009B3D60 /* Build configuration list for PBXNativeTarget "secondHomework" */;
			buildPhases = (
				189E8C7E2339FF82009B3D60 /* Sources */,
				189E8C7F2339FF82009B3D60 /* Frameworks */,
				189E8C802339FF82009B3D60 /* Resources */,
			);
			buildRules = (
			);
			dependencies = (
			);
			name = secondHomework;
			productName = secondHomework;
			productReference = 189E8C822339FF82009B3D60 /* secondHomework.app */;
			productType = "com.apple.product-type.application";
		};
		189E8C952339FF86009B3D60 /* secondHomeworkTests */ = {
			isa = PBXNativeTarget;
			buildConfigurationList = 189E8CAD2339FF86009B3D60 /* Build configuration list for PBXNativeTarget "secondHomeworkTests" */;
			buildPhases = (
				189E8C922339FF86009B3D60 /* Sources */,
				189E8C932339FF86009B3D60 /* Frameworks */,
				189E8C942339FF86009B3D60 /* Resources */,
			);
			buildRules = (
			);
			dependencies = (
				189E8C982339FF86009B3D60 /* PBXTargetDependency */,
			);
			name = secondHomeworkTests;
			productName = secondHomeworkTests;
			productReference = 189E8C962339FF86009B3D60 /* secondHomeworkTests.xctest */;
			productType = "com.apple.product-type.bundle.unit-test";
		};
		189E8CA02339FF86009B3D60 /* secondHomeworkUITests */ = {
			isa = PBXNativeTarget;
			buildConfigurationList = 189E8CB02339FF86009B3D60 /* Build configuration list for PBXNativeTarget "secondHomeworkUITests" */;
			buildPhases = (
				189E8C9D2339FF86009B3D60 /* Sources */,
				189E8C9E2339FF86009B3D60 /* Frameworks */,
				189E8C9F2339FF86009B3D60 /* Resources */,
			);
			buildRules = (
			);
			dependencies = (
				189E8CA32339FF86009B3D60 /* PBXTargetDependency */,
			);
			name = secondHomeworkUITests;
			productName = secondHomeworkUITests;
			productReference = 189E8CA12339FF86009B3D60 /* secondHomeworkUITests.xctest */;
			productType = "com.apple.product-type.bundle.ui-testing";
		};
/* End PBXNativeTarget section */

/* Begin PBXProject section */
		189E8C7A2339FF82009B3D60 /* Project object */ = {
			isa = PBXProject;
			attributes = {
				LastSwiftUpdateCheck = 1030;
				LastUpgradeCheck = 1030;
				ORGANIZATIONNAME = Apple;
				TargetAttributes = {
					189E8C812339FF82009B3D60 = {
						CreatedOnToolsVersion = 10.3;
					};
					189E8C952339FF86009B3D60 = {
						CreatedOnToolsVersion = 10.3;
						TestTargetID = 189E8C812339FF82009B3D60;
					};
					189E8CA02339FF86009B3D60 = {
						CreatedOnToolsVersion = 10.3;
						TestTargetID = 189E8C812339FF82009B3D60;
					};
				};
			};
			buildConfigurationList = 189E8C7D2339FF82009B3D60 /* Build configuration list for PBXProject "secondHomework" */;
			compatibilityVersion = "Xcode 9.3";
			developmentRegion = en;
			hasScannedForEncodings = 0;
			knownRegions = (
				en,
				Base,
			);
			mainGroup = 189E8C792339FF82009B3D60;
			productRefGroup = 189E8C832339FF82009B3D60 /* Products */;
			projectDirPath = "";
			projectRoot = "";
			targets = (
				189E8C812339FF82009B3D60 /* secondHomework */,
				189E8C952339FF86009B3D60 /* secondHomeworkTests */,
				189E8CA02339FF86009B3D60 /* secondHomeworkUITests */,
			);
		};
/* End PBXProject section */

/* Begin PBXResourcesBuildPhase section */
		189E8C802339FF82009B3D60 /* Resources */ = {
			isa = PBXResourcesBuildPhase;
			buildActionMask = 2147483647;
			files = (
				189E8C902339FF86009B3D60 /* LaunchScreen.storyboard in Resources */,
				189E8C8D2339FF86009B3D60 /* Assets.xcassets in Resources */,
				189E8C8B2339FF82009B3D60 /* Main.storyboard in Resources */,
			);
			runOnlyForDeploymentPostprocessing = 0;
		};
		189E8C942339FF86009B3D60 /* Resources */ = {
			isa = PBXResourcesBuildPhase;
			buildActionMask = 2147483647;
			files = (
			);
			runOnlyForDeploymentPostprocessing = 0;
		};
		189E8C9F2339FF86009B3D60 /* Resources */ = {
			isa = PBXResourcesBuildPhase;
			buildActionMask = 2147483647;
			files = (
			);
			runOnlyForDeploymentPostprocessing = 0;
		};
/* End PBXResourcesBuildPhase section */

/* Begin PBXSourcesBuildPhase section */
		189E8C7E2339FF82009B3D60 /* Sources */ = {
			isa = PBXSourcesBuildPhase;
			buildActionMask = 2147483647;
			files = (
				189E8C882339FF82009B3D60 /* ViewController.swift in Sources */,
				189E8C862339FF82009B3D60 /* AppDelegate.swift in Sources */,
			);
			runOnlyForDeploymentPostprocessing = 0;
		};
		189E8C922339FF86009B3D60 /* Sources */ = {
			isa = PBXSourcesBuildPhase;
			buildActionMask = 2147483647;
			files = (
				189E8C9B2339FF86009B3D60 /* secondHomeworkTests.swift in Sources */,
			);
			runOnlyForDeploymentPostprocessing = 0;
		};
		189E8C9D2339FF86009B3D60 /* Sources */ = {
			isa = PBXSourcesBuildPhase;
			buildActionMask = 2147483647;
			files = (
				189E8CA62339FF86009B3D60 /* secondHomeworkUITests.swift in Sources */,
			);
			runOnlyForDeploymentPostprocessing = 0;
		};
/* End PBXSourcesBuildPhase section */

/* Begin PBXTargetDependency section */
		189E8C982339FF86009B3D60 /* PBXTargetDependency */ = {
			isa = PBXTargetDependency;
			target = 189E8C812339FF82009B3D60 /* secondHomework */;
			targetProxy = 189E8C972339FF86009B3D60 /* PBXContainerItemProxy */;
		};
		189E8CA32339FF86009B3D60 /* PBXTargetDependency */ = {
			isa = PBXTargetDependency;
			target = 189E8C812339FF82009B3D60 /* secondHomework */;
			targetProxy = 189E8CA22339FF86009B3D60 /* PBXContainerItemProxy */;
		};
/* End PBXTargetDependency section */

/* Begin PBXVariantGroup section */
		189E8C892339FF82009B3D60 /* Main.storyboard */ = {
			isa = PBXVariantGroup;
			children = (
				189E8C8A2339FF82009B3D60 /* Base */,
			);
			name = Main.storyboard;
			sourceTree = "<group>";
		};
		189E8C8E2339FF86009B3D60 /* LaunchScreen.storyboard */ = {
			isa = PBXVariantGroup;
			children = (
				189E8C8F2339FF86009B3D60 /* Base */,
			);
			name = LaunchScreen.storyboard;
			sourceTree = "<group>";
		};
/* End PBXVariantGroup section */

/* Begin XCBuildConfiguration section */
		189E8CA82339FF86009B3D60 /* Debug */ = {
			isa = XCBuildConfiguration;
			buildSettings = {
				ALWAYS_SEARCH_USER_PATHS = NO;
				CLANG_ANALYZER_NONNULL = YES;
				CLANG_ANALYZER_NUMBER_OBJECT_CONVERSION = YES_AGGRESSIVE;
				CLANG_CXX_LANGUAGE_STANDARD = "gnu++14";
				CLANG_CXX_LIBRARY = "libc++";
				CLANG_ENABLE_MODULES = YES;
				CLANG_ENABLE_OBJC_ARC = YES;
				CLANG_ENABLE_OBJC_WEAK = YES;
				CLANG_WARN_BLOCK_CAPTURE_AUTORELEASING = YES;
				CLANG_WARN_BOOL_CONVERSION = YES;
				CLANG_WARN_COMMA = YES;
				CLANG_WARN_CONSTANT_CONVERSION = YES;
				CLANG_WARN_DEPRECATED_OBJC_IMPLEMENTATIONS = YES;
				CLANG_WARN_DIRECT_OBJC_ISA_USAGE = YES_ERROR;
				CLANG_WARN_DOCUMENTATION_COMMENTS = YES;
				CLANG_WARN_EMPTY_BODY = YES;
				CLANG_WARN_ENUM_CONVERSION = YES;
				CLANG_WARN_INFINITE_RECURSION = YES;
				CLANG_WARN_INT_CONVERSION = YES;
				CLANG_WARN_NON_LITERAL_NULL_CONVERSION = YES;
				CLANG_WARN_OBJC_IMPLICIT_RETAIN_SELF = YES;
				CLANG_WARN_OBJC_LITERAL_CONVERSION = YES;
				CLANG_WARN_OBJC_ROOT_CLASS = YES_ERROR;
				CLANG_WARN_RANGE_LOOP_ANALYSIS = YES;
				CLANG_WARN_STRICT_PROTOTYPES = YES;
				CLANG_WARN_SUSPICIOUS_MOVE = YES;
				CLANG_WARN_UNGUARDED_AVAILABILITY = YES_AGGRESSIVE;
				CLANG_WARN_UNREACHABLE_CODE = YES;
				CLANG_WARN__DUPLICATE_METHOD_MATCH = YES;
				CODE_SIGN_IDENTITY = "iPhone Developer";
				COPY_PHASE_STRIP = NO;
				DEBUG_INFORMATION_FORMAT = dwarf;
				ENABLE_STRICT_OBJC_MSGSEND = YES;
				ENABLE_TESTABILITY = YES;
				GCC_C_LANGUAGE_STANDARD = gnu11;
				GCC_DYNAMIC_NO_PIC = NO;
				GCC_NO_COMMON_BLOCKS = YES;
				GCC_OPTIMIZATION_LEVEL = 0;
				GCC_PREPROCESSOR_DEFINITIONS = (
					"DEBUG=1",
					"$(inherited)",
				);
				GCC_WARN_64_TO_32_BIT_CONVERSION = YES;
				GCC_WARN_ABOUT_RETURN_TYPE = YES_ERROR;
				GCC_WARN_UNDECLARED_SELECTOR = YES;
				GCC_WARN_UNINITIALIZED_AUTOS = YES_AGGRESSIVE;
				GCC_WARN_UNUSED_FUNCTION = YES;
				GCC_WARN_UNUSED_VARIABLE = YES;
				IPHONEOS_DEPLOYMENT_TARGET = 12.4;
				MTL_ENABLE_DEBUG_INFO = INCLUDE_SOURCE;
				MTL_FAST_MATH = YES;
				ONLY_ACTIVE_ARCH = YES;
				SDKROOT = iphoneos;
				SWIFT_ACTIVE_COMPILATION_CONDITIONS = DEBUG;
				SWIFT_OPTIMIZATION_LEVEL = "-Onone";
			};
			name = Debug;
		};
		189E8CA92339FF86009B3D60 /* Release */ = {
			isa = XCBuildConfiguration;
			buildSettings = {
				ALWAYS_SEARCH_USER_PATHS = NO;
				CLANG_ANALYZER_NONNULL = YES;
				CLANG_ANALYZER_NUMBER_OBJECT_CONVERSION = YES_AGGRESSIVE;
				CLANG_CXX_LANGUAGE_STANDARD = "gnu++14";
				CLANG_CXX_LIBRARY = "libc++";
				CLANG_ENABLE_MODULES = YES;
				CLANG_ENABLE_OBJC_ARC = YES;
				CLANG_ENABLE_OBJC_WEAK = YES;
				CLANG_WARN_BLOCK_CAPTURE_AUTORELEASING = YES;
				CLANG_WARN_BOOL_CONVERSION = YES;
				CLANG_WARN_COMMA = YES;
				CLANG_WARN_CONSTANT_CONVERSION = YES;
				CLANG_WARN_DEPRECATED_OBJC_IMPLEMENTATIONS = YES;
				CLANG_WARN_DIRECT_OBJC_ISA_USAGE = YES_ERROR;
				CLANG_WARN_DOCUMENTATION_COMMENTS = YES;
				CLANG_WARN_EMPTY_BODY = YES;
				CLANG_WARN_ENUM_CONVERSION = YES;
				CLANG_WARN_INFINITE_RECURSION = YES;
				CLANG_WARN_INT_CONVERSION = YES;
				CLANG_WARN_NON_LITERAL_NULL_CONVERSION = YES;
				CLANG_WARN_OBJC_IMPLICIT_RETAIN_SELF = YES;
				CLANG_WARN_OBJC_LITERAL_CONVERSION = YES;
				CLANG_WARN_OBJC_ROOT_CLASS = YES_ERROR;
				CLANG_WARN_RANGE_LOOP_ANALYSIS = YES;
				CLANG_WARN_STRICT_PROTOTYPES = YES;
				CLANG_WARN_SUSPICIOUS_MOVE = YES;
				CLANG_WARN_UNGUARDED_AVAILABILITY = YES_AGGRESSIVE;
				CLANG_WARN_UNREACHABLE_CODE = YES;
				CLANG_WARN__DUPLICATE_METHOD_MATCH = YES;
				CODE_SIGN_IDENTITY = "iPhone Developer";
				COPY_PHASE_STRIP = NO;
				DEBUG_INFORMATION_FORMAT = "dwarf-with-dsym";
				ENABLE_NS_ASSERTIONS = NO;
				ENABLE_STRICT_OBJC_MSGSEND = YES;
				GCC_C_LANGUAGE_STANDARD = gnu11;
				GCC_NO_COMMON_BLOCKS = YES;
				GCC_WARN_64_TO_32_BIT_CONVERSION = YES;
				GCC_WARN_ABOUT_RETURN_TYPE = YES_ERROR;
				GCC_WARN_UNDECLARED_SELECTOR = YES;
				GCC_WARN_UNINITIALIZED_AUTOS = YES_AGGRESSIVE;
				GCC_WARN_UNUSED_FUNCTION = YES;
				GCC_WARN_UNUSED_VARIABLE = YES;
				IPHONEOS_DEPLOYMENT_TARGET = 12.4;
				MTL_ENABLE_DEBUG_INFO = NO;
				MTL_FAST_MATH = YES;
				SDKROOT = iphoneos;
				SWIFT_COMPILATION_MODE = wholemodule;
				SWIFT_OPTIMIZATION_LEVEL = "-O";
				VALIDATE_PRODUCT = YES;
			};
			name = Release;
		};
		189E8CAB2339FF86009B3D60 /* Debug */ = {
			isa = XCBuildConfiguration;
			buildSettings = {
				ASSETCATALOG_COMPILER_APPICON_NAME = AppIcon;
				CODE_SIGN_STYLE = Automatic;
				INFOPLIST_FILE = secondHomework/Info.plist;
				LD_RUNPATH_SEARCH_PATHS = (
					"$(inherited)",
					"@executable_path/Frameworks",
				);
				PRODUCT_BUNDLE_IDENTIFIER = scut.spike.secondHomework;
				PRODUCT_NAME = "$(TARGET_NAME)";
				SWIFT_VERSION = 5.0;
				TARGETED_DEVICE_FAMILY = "1,2";
			};
			name = Debug;
		};
		189E8CAC2339FF86009B3D60 /* Release */ = {
			isa = XCBuildConfiguration;
			buildSettings = {
				ASSETCATALOG_COMPILER_APPICON_NAME = AppIcon;
				CODE_SIGN_STYLE = Automatic;
				INFOPLIST_FILE = secondHomework/Info.plist;
				LD_RUNPATH_SEARCH_PATHS = (
					"$(inherited)",
					"@executable_path/Frameworks",
				);
				PRODUCT_BUNDLE_IDENTIFIER = scut.spike.secondHomework;
				PRODUCT_NAME = "$(TARGET_NAME)";
				SWIFT_VERSION = 5.0;
				TARGETED_DEVICE_FAMILY = "1,2";
			};
			name = Release;
		};
		189E8CAE2339FF86009B3D60 /* Debug */ = {
			isa = XCBuildConfiguration;
			buildSettings = {
				ALWAYS_EMBED_SWIFT_STANDARD_LIBRARIES = YES;
				BUNDLE_LOADER = "$(TEST_HOST)";
				CODE_SIGN_STYLE = Automatic;
				INFOPLIST_FILE = secondHomeworkTests/Info.plist;
				LD_RUNPATH_SEARCH_PATHS = (
					"$(inherited)",
					"@executable_path/Frameworks",
					"@loader_path/Frameworks",
				);
				PRODUCT_BUNDLE_IDENTIFIER = scut.spike.secondHomeworkTests;
				PRODUCT_NAME = "$(TARGET_NAME)";
				SWIFT_VERSION = 5.0;
				TARGETED_DEVICE_FAMILY = "1,2";
				TEST_HOST = "$(BUILT_PRODUCTS_DIR)/secondHomework.app/secondHomework";
			};
			name = Debug;
		};
		189E8CAF2339FF86009B3D60 /* Release */ = {
			isa = XCBuildConfiguration;
			buildSettings = {
				ALWAYS_EMBED_SWIFT_STANDARD_LIBRARIES = YES;
				BUNDLE_LOADER = "$(TEST_HOST)";
				CODE_SIGN_STYLE = Automatic;
				INFOPLIST_FILE = secondHomeworkTests/Info.plist;
				LD_RUNPATH_SEARCH_PATHS = (
					"$(inherited)",
					"@executable_path/Frameworks",
					"@loader_path/Frameworks",
				);
				PRODUCT_BUNDLE_IDENTIFIER = scut.spike.secondHomeworkTests;
				PRODUCT_NAME = "$(TARGET_NAME)";
				SWIFT_VERSION = 5.0;
				TARGETED_DEVICE_FAMILY = "1,2";
				TEST_HOST = "$(BUILT_PRODUCTS_DIR)/secondHomework.app/secondHomework";
			};
			name = Release;
		};
		189E8CB12339FF86009B3D60 /* Debug */ = {
			isa = XCBuildConfiguration;
			buildSettings = {
				ALWAYS_EMBED_SWIFT_STANDARD_LIBRARIES = YES;
				CODE_SIGN_STYLE = Automatic;
				INFOPLIST_FILE = secondHomeworkUITests/Info.plist;
				LD_RUNPATH_SEARCH_PATHS = (
					"$(inherited)",
					"@executable_path/Frameworks",
					"@loader_path/Frameworks",
				);
				PRODUCT_BUNDLE_IDENTIFIER = scut.spike.secondHomeworkUITests;
				PRODUCT_NAME = "$(TARGET_NAME)";
				SWIFT_VERSION = 5.0;
				TARGETED_DEVICE_FAMILY = "1,2";
				TEST_TARGET_NAME = secondHomework;
			};
			name = Debug;
		};
		189E8CB22339FF86009B3D60 /* Release */ = {
			isa = XCBuildConfiguration;
			buildSettings = {
				ALWAYS_EMBED_SWIFT_STANDARD_LIBRARIES = YES;
				CODE_SIGN_STYLE = Automatic;
				INFOPLIST_FILE = secondHomeworkUITests/Info.plist;
				LD_RUNPATH_SEARCH_PATHS = (
					"$(inherited)",
					"@executable_path/Frameworks",
					"@loader_path/Frameworks",
				);
				PRODUCT_BUNDLE_IDENTIFIER = scut.spike.secondHomeworkUITests;
				PRODUCT_NAME = "$(TARGET_NAME)";
				SWIFT_VERSION = 5.0;
				TARGETED_DEVICE_FAMILY = "1,2";
				TEST_TARGET_NAME = secondHomework;
			};
			name = Release;
		};
/* End XCBuildConfiguration section */

/* Begin XCConfigurationList section */
		189E8C7D2339FF82009B3D60 /* Build configuration list for PBXProject "secondHomework" */ = {
			isa = XCConfigurationList;
			buildConfigurations = (
				189E8CA82339FF86009B3D60 /* Debug */,
				189E8CA92339FF86009B3D60 /* Release */,
			);
			defaultConfigurationIsVisible = 0;
			defaultConfigurationName = Release;
		};
		189E8CAA2339FF86009B3D60 /* Build configuration list for PBXNativeTarget "secondHomework" */ = {
			isa = XCConfigurationList;
			buildConfigurations = (
				189E8CAB2339FF86009B3D60 /* Debug */,
				189E8CAC2339FF86009B3D60 /* Release */,
			);
			defaultConfigurationIsVisible = 0;
			defaultConfigurationName = Release;
		};
		189E8CAD2339FF86009B3D60 /* Build configuration list for PBXNativeTarget "secondHomeworkTests" */ = {
			isa = XCConfigurationList;
			buildConfigurations = (
				189E8CAE2339FF86009B3D60 /* Debug */,
				189E8CAF2339FF86009B3D60 /* Release */,
			);
			defaultConfigurationIsVisible = 0;
			defaultConfigurationName = Release;
		};
		189E8CB02339FF86009B3D60 /* Build configuration list for PBXNativeTarget "secondHomeworkUITests" */ = {
			isa = XCConfigurationList;
			buildConfigurations = (
				189E8CB12339FF86009B3D60 /* Debug */,
				189E8CB22339FF86009B3D60 /* Release */,
			);
			defaultConfigurationIsVisible = 0;
			defaultConfigurationName = Release;
		};
/* End XCConfigurationList section */
	};
	rootObject = 189E8C7A2339FF82009B3D60 /* Project object */;
}
